
Microsoft Visual Studio Solution File, Format Version 12.00
# Visual Studio Version 16
VisualStudioVersion = 16.0.34601.136
MinimumVisualStudioVersion = 10.0.40219.1
Project("{FAE04EC0-301F-11D3-BF4B-00C04F79EFBC}") = "EjercicioLIstas", "EjercicioLIstas\EjercicioLIstas.csproj", "{FC29CB60-0941-4B6A-A862-9A0807A8188E}"
EndProject
Global
	GlobalSection(SolutionConfigurationPlatforms) = preSolution
		Debug|Any CPU = Debug|Any CPU
		Release|Any CPU = Release|Any CPU
	EndGlobalSection
	GlobalSection(ProjectConfigurationPlatforms) = postSolution
		{FC29CB60-0941-4B6A-A862-9A0807A8188E}.Debug|Any CPU.ActiveCfg = Debug|Any CPU
		{FC29CB60-0941-4B6A-A862-9A0807A8188E}.Debug|Any CPU.Build.0 = Debug|Any CPU
		{FC29CB60-0941-4B6A-A862-9A0807A8188E}.Release|Any CPU.ActiveCfg = Release|Any CPU
		{FC29CB60-0941-4B6A-A862-9A0807A8188E}.Release|Any CPU.Build.0 = Release|Any CPU
	EndGlobalSection
	GlobalSection(SolutionProperties) = preSolution
		HideSolutionNode = FALSE
	EndGlobalSection
	GlobalSection(ExtensibilityGlobals) = postSolution
		SolutionGuid = {86AC2801-483A-4FA1-BE3E-ABFDE20828B9}
	EndGlobalSection
EndGlobal
