
Microsoft Visual Studio Solution File, Format Version 12.00
# Visual Studio Version 17
VisualStudioVersion = 17.11.35219.272
MinimumVisualStudioVersion = 10.0.40219.1
Project("{FAE04EC0-301F-11D3-BF4B-00C04F79EFBC}") = "LabDominos", "LabDominos\LabDominos.csproj", "{B12D74E3-C582-4569-AC13-8A4BA33F4750}"
EndProject
Global
	GlobalSection(SolutionConfigurationPlatforms) = preSolution
		Debug|Any CPU = Debug|Any CPU
		Release|Any CPU = Release|Any CPU
	EndGlobalSection
	GlobalSection(ProjectConfigurationPlatforms) = postSolution
		{B12D74E3-C582-4569-AC13-8A4BA33F4750}.Debug|Any CPU.ActiveCfg = Debug|Any CPU
		{B12D74E3-C582-4569-AC13-8A4BA33F4750}.Debug|Any CPU.Build.0 = Debug|Any CPU
		{B12D74E3-C582-4569-AC13-8A4BA33F4750}.Release|Any CPU.ActiveCfg = Release|Any CPU
		{B12D74E3-C582-4569-AC13-8A4BA33F4750}.Release|Any CPU.Build.0 = Release|Any CPU
	EndGlobalSection
	GlobalSection(SolutionProperties) = preSolution
		HideSolutionNode = FALSE
	EndGlobalSection
	GlobalSection(ExtensibilityGlobals) = postSolution
		SolutionGuid = {AD028C12-5E6D-453A-ADA8-049947F0D12D}
	EndGlobalSection
EndGlobal
